# THIS IS AN AUTOGENERATED FILE. DO NOT EDIT THIS FILE DIRECTLY.
# yarn lockfile v1


pc-vn@^1.0.1:
  version "1.0.1"
  resolved "https://registry.yarnpkg.com/pc-vn/-/pc-vn-1.0.1.tgz#e3e1dfe933d5215f0a9798cf3d890256450ca182"
  integrity sha512-P6hfrjITql7DDZKCvh4++RyhME826eXd0v78awwojrX2lZwDLQOqpL57SO49+FuOkQClvkPJIXw6RzCVKg+hLg==
